
Microsoft Visual Studio Solution File, Format Version 12.00
# Visual Studio Version 17
VisualStudioVersion = 17.8.34330.188
MinimumVisualStudioVersion = 10.0.40219.1
Project("{FAE04EC0-301F-11D3-BF4B-00C04F79EFBC}") = "Inventory Management App", "Inventory Management App\Inventory Management App.csproj", "{0D05B86E-3592-4388-A670-213874806A0F}"
EndProject
Global
	GlobalSection(SolutionConfigurationPlatforms) = preSolution
		Debug|Any CPU = Debug|Any CPU
		Release|Any CPU = Release|Any CPU
	EndGlobalSection
	GlobalSection(ProjectConfigurationPlatforms) = postSolution
		{0D05B86E-3592-4388-A670-213874806A0F}.Debug|Any CPU.ActiveCfg = Debug|Any CPU
		{0D05B86E-3592-4388-A670-213874806A0F}.Debug|Any CPU.Build.0 = Debug|Any CPU
		{0D05B86E-3592-4388-A670-213874806A0F}.Release|Any CPU.ActiveCfg = Release|Any CPU
		{0D05B86E-3592-4388-A670-213874806A0F}.Release|Any CPU.Build.0 = Release|Any CPU
	EndGlobalSection
	GlobalSection(SolutionProperties) = preSolution
		HideSolutionNode = FALSE
	EndGlobalSection
	GlobalSection(ExtensibilityGlobals) = postSolution
		SolutionGuid = {0BC5224C-1FFD-46D9-97D2-4FAFE63C1961}
	EndGlobalSection
EndGlobal
